
Microsoft Visual Studio Solution File, Format Version 12.00
# Visual Studio Version 17
VisualStudioVersion = 17.11.35312.102
MinimumVisualStudioVersion = 10.0.40219.1
Project("{9A19103F-16F7-4668-BE54-9A1E7A4F7556}") = "ChatsServer", "ChatsServer\ChatsServer.csproj", "{86BDE872-40B7-4CE9-9D71-8276A1D5E4F0}"
EndProject
Project("{9A19103F-16F7-4668-BE54-9A1E7A4F7556}") = "DataStore", "DataStore\DataStore.csproj", "{73C5A81F-9170-49CF-AC35-FECF054E7A0D}"
EndProject
Project("{FAE04EC0-301F-11D3-BF4B-00C04F79EFBC}") = "Extensions", "Extensions\Extensions.csproj", "{696F9665-7D34-481C-AA95-51D497F06A42}"
EndProject
Global
	GlobalSection(SolutionConfigurationPlatforms) = preSolution
		Debug|Any CPU = Debug|Any CPU
		Release|Any CPU = Release|Any CPU
	EndGlobalSection
	GlobalSection(ProjectConfigurationPlatforms) = postSolution
		{86BDE872-40B7-4CE9-9D71-8276A1D5E4F0}.Debug|Any CPU.ActiveCfg = Debug|Any CPU
		{86BDE872-40B7-4CE9-9D71-8276A1D5E4F0}.Debug|Any CPU.Build.0 = Debug|Any CPU
		{86BDE872-40B7-4CE9-9D71-8276A1D5E4F0}.Release|Any CPU.ActiveCfg = Release|Any CPU
		{86BDE872-40B7-4CE9-9D71-8276A1D5E4F0}.Release|Any CPU.Build.0 = Release|Any CPU
		{73C5A81F-9170-49CF-AC35-FECF054E7A0D}.Debug|Any CPU.ActiveCfg = Debug|Any CPU
		{73C5A81F-9170-49CF-AC35-FECF054E7A0D}.Debug|Any CPU.Build.0 = Debug|Any CPU
		{73C5A81F-9170-49CF-AC35-FECF054E7A0D}.Release|Any CPU.ActiveCfg = Release|Any CPU
		{73C5A81F-9170-49CF-AC35-FECF054E7A0D}.Release|Any CPU.Build.0 = Release|Any CPU
		{696F9665-7D34-481C-AA95-51D497F06A42}.Debug|Any CPU.ActiveCfg = Debug|Any CPU
		{696F9665-7D34-481C-AA95-51D497F06A42}.Debug|Any CPU.Build.0 = Debug|Any CPU
		{696F9665-7D34-481C-AA95-51D497F06A42}.Release|Any CPU.ActiveCfg = Release|Any CPU
		{696F9665-7D34-481C-AA95-51D497F06A42}.Release|Any CPU.Build.0 = Release|Any CPU
	EndGlobalSection
	GlobalSection(SolutionProperties) = preSolution
		HideSolutionNode = FALSE
	EndGlobalSection
	GlobalSection(ExtensibilityGlobals) = postSolution
		SolutionGuid = {5B0E7CD9-36E1-4ED0-AA3E-5B7C3C44A4EC}
	EndGlobalSection
EndGlobal
